
Microsoft Visual Studio Solution File, Format Version 11.00
# Visual Studio 2010
Project("{FAE04EC0-301F-11D3-BF4B-00C04F79EFBC}") = "Bandage", "Bandage\Bandage.csproj", "{F12DEBB6-B148-4544-8A93-494F348AB49E}"
EndProject
Project("{FAE04EC0-301F-11D3-BF4B-00C04F79EFBC}") = "Bandage.Tests", "Bandage.Tests\Bandage.Tests.csproj", "{4D8C4CD9-A3C4-4C69-93AD-7931AC997D14}"
EndProject
Global
	GlobalSection(SolutionConfigurationPlatforms) = preSolution
		Debug|Any CPU = Debug|Any CPU
		Release|Any CPU = Release|Any CPU
	EndGlobalSection
	GlobalSection(ProjectConfigurationPlatforms) = postSolution
		{F12DEBB6-B148-4544-8A93-494F348AB49E}.Debug|Any CPU.ActiveCfg = Debug|Any CPU
		{F12DEBB6-B148-4544-8A93-494F348AB49E}.Debug|Any CPU.Build.0 = Debug|Any CPU
		{F12DEBB6-B148-4544-8A93-494F348AB49E}.Release|Any CPU.ActiveCfg = Release|Any CPU
		{F12DEBB6-B148-4544-8A93-494F348AB49E}.Release|Any CPU.Build.0 = Release|Any CPU
		{4D8C4CD9-A3C4-4C69-93AD-7931AC997D14}.Debug|Any CPU.ActiveCfg = Debug|Any CPU
		{4D8C4CD9-A3C4-4C69-93AD-7931AC997D14}.Debug|Any CPU.Build.0 = Debug|Any CPU
		{4D8C4CD9-A3C4-4C69-93AD-7931AC997D14}.Release|Any CPU.ActiveCfg = Release|Any CPU
		{4D8C4CD9-A3C4-4C69-93AD-7931AC997D14}.Release|Any CPU.Build.0 = Release|Any CPU
	EndGlobalSection
	GlobalSection(SolutionProperties) = preSolution
		HideSolutionNode = FALSE
	EndGlobalSection
EndGlobal
